# THIS IS AN AUTOGENERATED FILE. DO NOT EDIT THIS FILE DIRECTLY.
# yarn lockfile v1


google-protobuf@^3.9.0:
  version "3.9.1"
  resolved "https://registry.yarnpkg.com/google-protobuf/-/google-protobuf-3.9.1.tgz#87e6a16b7fb16405b515a6c6622d5ace45578d86"
  integrity sha512-tkz7SVwBktFbqFK3teXFUY/VM57+mbUgV9bSD+sZH1ocHJ7uk7BfEWMRdU24dd0ciUDokreA7ghH2fYFIczQdw==

nats@^1.3.0:
  version "1.3.0"
  resolved "https://registry.yarnpkg.com/nats/-/nats-1.3.0.tgz#22a99a8bfbcfa6118db14ffad2f31f1f2197387c"
  integrity sha512-0Rbtl0WV5kXLcZlE5fbX06/YwVzvx9Ui5xaIsVH6rzRGu7FRUAHxueaZBPHIN3M82s3N4bbkSwghYipgcsIgbA==
  dependencies:
    nuid "^1.0.0"
    ts-nkeys "^1.0.8"

node-nats-streaming@^0.2.6:
  version "0.2.6"
  resolved "https://registry.yarnpkg.com/node-nats-streaming/-/node-nats-streaming-0.2.6.tgz#c5db3c58a034a5cb61a284691b1fe19b60bc4c4d"
  integrity sha512-UTS/tHextk+qdXl0fiSKFPU12eWsRkeRzbzo1zk6ZbXu/PnszKtnSwzxhVRYveU7VjDebYsAFpde1MjC5Y3Nvw==
  dependencies:
    google-protobuf "^3.9.0"
    nats "^1.3.0"
    nuid "^1.1.0"

nuid@^1.0.0, nuid@^1.1.0:
  version "1.1.0"
  resolved "https://registry.yarnpkg.com/nuid/-/nuid-1.1.0.tgz#e0c5746350a25562f58283197f34c50861f44675"
  integrity sha512-C/JdZ6PtCqKsCEs4ni76nhBsdmuQgLAT/CTLNprkcLViDAnkk7qx5sSA8PVC2vmSsdBlSsFuGb52v6pwn1oaeg==

ts-nkeys@^1.0.8:
  version "1.0.12"
  resolved "https://registry.yarnpkg.com/ts-nkeys/-/ts-nkeys-1.0.12.tgz#cda47f4842fe2c4f88b1303817050673e16acb89"
  integrity sha512-5TgA+wbfxTy/9pdSuAhvneuL65KKoI7phonzNQH2UhnorAQAWehUwHNLEuli596wu/Fxh0SAhMeKZVLNx4s7Ow==
  dependencies:
    tweetnacl "^1.0.1"

tweetnacl@^1.0.1:
  version "1.0.1"
  resolved "https://registry.yarnpkg.com/tweetnacl/-/tweetnacl-1.0.1.tgz#2594d42da73cd036bd0d2a54683dd35a6b55ca17"
  integrity sha512-kcoMoKTPYnoeS50tzoqjPY3Uv9axeuuFAZY9M/9zFnhoVvRfxz9K29IMPD7jGmt2c8SW7i3gT9WqDl2+nV7p4A==
